
Microsoft Visual Studio Solution File, Format Version 12.00
# Visual Studio Version 17
VisualStudioVersion = 17.2.32519.379
MinimumVisualStudioVersion = 10.0.40219.1
Project("{FAE04EC0-301F-11D3-BF4B-00C04F79EFBC}") = "Web", "Web\Web.csproj", "{C7863B3D-5BF7-4D8C-8074-F2214B3AF1DA}"
EndProject
Global
	GlobalSection(SolutionConfigurationPlatforms) = preSolution
		Debug|Any CPU = Debug|Any CPU
		Release|Any CPU = Release|Any CPU
	EndGlobalSection
	GlobalSection(ProjectConfigurationPlatforms) = postSolution
		{C7863B3D-5BF7-4D8C-8074-F2214B3AF1DA}.Debug|Any CPU.ActiveCfg = Debug|Any CPU
		{C7863B3D-5BF7-4D8C-8074-F2214B3AF1DA}.Debug|Any CPU.Build.0 = Debug|Any CPU
		{C7863B3D-5BF7-4D8C-8074-F2214B3AF1DA}.Release|Any CPU.ActiveCfg = Release|Any CPU
		{C7863B3D-5BF7-4D8C-8074-F2214B3AF1DA}.Release|Any CPU.Build.0 = Release|Any CPU
	EndGlobalSection
	GlobalSection(SolutionProperties) = preSolution
		HideSolutionNode = FALSE
	EndGlobalSection
	GlobalSection(ExtensibilityGlobals) = postSolution
		SolutionGuid = {E3CB9F01-900C-4240-9547-874D2B4221D6}
	EndGlobalSection
EndGlobal
